{
  "name": "fyfysongs",
  "lockfileVersion": 3,
  "requires": true,
  "packages": {
    "": {
      "dependencies": {
        "vue-router": "^4.0.13"
      }
    },
    "node_modules/@vue/devtools-api": {
      "version": "6.6.3",
      "resolved": "https://registry.npmjs.org/@vue/devtools-api/-/devtools-api-6.6.3.tgz",
      "integrity": "sha512-0MiMsFma/HqA6g3KLKn+AGpL1kgKhFWszC9U29NfpWK5LE7bjeXxySWJrOJ77hBz+TBrBQ7o4QJqbPbqbs8rJw=="
    },
    "node_modules/vue-router": {
      "version": "4.0.13",
      "resolved": "https://registry.npmjs.org/vue-router/-/vue-router-4.0.13.tgz",
      "integrity": "sha512-LmXrC+BkDRLak+d5xTMgUYraT3Nj0H/vCbP+7usGvIl9Viqd1UP6AsP0i69pSbn9O0dXK/xCdp4yPw21HqV9Jw==",
      "dependencies": {
        "@vue/devtools-api": "^6.0.0"
      },
      "funding": {
        "url": "https://github.com/sponsors/posva"
      },
      "peerDependencies": {
        "vue": "^3.2.0"
      }
    }
  }
}
